
Microsoft Visual Studio Solution File, Format Version 12.00
# Visual Studio Version 17
VisualStudioVersion = 17.5.33530.505
MinimumVisualStudioVersion = 10.0.40219.1
Project("{9A19103F-16F7-4668-BE54-9A1E7A4F7556}") = "Tio_Soft.Entity", "Tio_Soft.Entity\Tio_Soft.Entity.csproj", "{516C9BE2-0892-404C-88DC-A480EAD5EEE1}"
EndProject
Project("{9A19103F-16F7-4668-BE54-9A1E7A4F7556}") = "Tio_Soft.DAL", "Tio_Soft.DAL\Tio_Soft.DAL.csproj", "{487BC1DB-2D19-4AC8-8300-23E0E7944500}"
EndProject
Project("{9A19103F-16F7-4668-BE54-9A1E7A4F7556}") = "Tio_Soft.BLL", "Tio_Soft.DLL\Tio_Soft.BLL.csproj", "{053FBAED-2EF4-4848-94E4-5E1CB706F958}"
EndProject
Project("{9A19103F-16F7-4668-BE54-9A1E7A4F7556}") = "Tio_Soft.IOC", "Tio_Soft.IOC\Tio_Soft.IOC.csproj", "{F7315C51-3619-47AD-A21B-0C3023A0A952}"
EndProject
Project("{9A19103F-16F7-4668-BE54-9A1E7A4F7556}") = "Tio_Soft.AplicacionWeb", "Tio_Soft.AplicacionWeb\Tio_Soft.AplicacionWeb.csproj", "{7903F88B-4789-4E5F-8219-F9CEB99186D2}"
EndProject
Global
	GlobalSection(SolutionConfigurationPlatforms) = preSolution
		Debug|Any CPU = Debug|Any CPU
		Release|Any CPU = Release|Any CPU
	EndGlobalSection
	GlobalSection(ProjectConfigurationPlatforms) = postSolution
		{516C9BE2-0892-404C-88DC-A480EAD5EEE1}.Debug|Any CPU.ActiveCfg = Debug|Any CPU
		{516C9BE2-0892-404C-88DC-A480EAD5EEE1}.Debug|Any CPU.Build.0 = Debug|Any CPU
		{516C9BE2-0892-404C-88DC-A480EAD5EEE1}.Release|Any CPU.ActiveCfg = Release|Any CPU
		{516C9BE2-0892-404C-88DC-A480EAD5EEE1}.Release|Any CPU.Build.0 = Release|Any CPU
		{487BC1DB-2D19-4AC8-8300-23E0E7944500}.Debug|Any CPU.ActiveCfg = Debug|Any CPU
		{487BC1DB-2D19-4AC8-8300-23E0E7944500}.Debug|Any CPU.Build.0 = Debug|Any CPU
		{487BC1DB-2D19-4AC8-8300-23E0E7944500}.Release|Any CPU.ActiveCfg = Release|Any CPU
		{487BC1DB-2D19-4AC8-8300-23E0E7944500}.Release|Any CPU.Build.0 = Release|Any CPU
		{053FBAED-2EF4-4848-94E4-5E1CB706F958}.Debug|Any CPU.ActiveCfg = Debug|Any CPU
		{053FBAED-2EF4-4848-94E4-5E1CB706F958}.Debug|Any CPU.Build.0 = Debug|Any CPU
		{053FBAED-2EF4-4848-94E4-5E1CB706F958}.Release|Any CPU.ActiveCfg = Release|Any CPU
		{053FBAED-2EF4-4848-94E4-5E1CB706F958}.Release|Any CPU.Build.0 = Release|Any CPU
		{F7315C51-3619-47AD-A21B-0C3023A0A952}.Debug|Any CPU.ActiveCfg = Debug|Any CPU
		{F7315C51-3619-47AD-A21B-0C3023A0A952}.Debug|Any CPU.Build.0 = Debug|Any CPU
		{F7315C51-3619-47AD-A21B-0C3023A0A952}.Release|Any CPU.ActiveCfg = Release|Any CPU
		{F7315C51-3619-47AD-A21B-0C3023A0A952}.Release|Any CPU.Build.0 = Release|Any CPU
		{7903F88B-4789-4E5F-8219-F9CEB99186D2}.Debug|Any CPU.ActiveCfg = Debug|Any CPU
		{7903F88B-4789-4E5F-8219-F9CEB99186D2}.Debug|Any CPU.Build.0 = Debug|Any CPU
		{7903F88B-4789-4E5F-8219-F9CEB99186D2}.Release|Any CPU.ActiveCfg = Release|Any CPU
		{7903F88B-4789-4E5F-8219-F9CEB99186D2}.Release|Any CPU.Build.0 = Release|Any CPU
	EndGlobalSection
	GlobalSection(SolutionProperties) = preSolution
		HideSolutionNode = FALSE
	EndGlobalSection
	GlobalSection(ExtensibilityGlobals) = postSolution
		SolutionGuid = {0DCE04E9-AF5C-41AE-8F60-9D4012D98FC2}
	EndGlobalSection
EndGlobal
